{
  "originHash" : "086dd664150b506ffd60cccbd1070a60d555c55c029a35f8a727c3667fdd75b8",
  "pins" : [
    {
      "identity" : "sparkle",
      "kind" : "remoteSourceControl",
      "location" : "https://github.com/sparkle-project/Sparkle",
      "state" : {
        "revision" : "21d8df80440b1ca3b65fa82e40782f1e5a9e6ba2",
        "version" : "2.9.0"
      }
    },
    {
      "identity" : "swifter",
      "kind" : "remoteSourceControl",
      "location" : "https://github.com/httpswift/swifter",
      "state" : {
        "revision" : "9483a5d459b45c3ffd059f7b55f9638e268632fd",
        "version" : "1.5.0"
      }
    }
  ],
  "version" : 3
}
